// !$*UTF8*$!
{
	archiveVersion = 1;
	classes = {
	};
	objectVersion = 56;
	objects = {

/* Begin PBXBuildFile section */
		292826252AF5A6B600A3E1C6 /* AppState in Frameworks */ = {isa = PBXBuildFile; productRef = 292826242AF5A6B600A3E1C6 /* AppState */; };
		295B809E2AF29EA8006B7B4C /* AppStateExampleApp.swift in Sources */ = {isa = PBXBuildFile; fileRef = 295B809D2AF29EA8006B7B4C /* AppStateExampleApp.swift */; };
		295B80A22AF29EA9006B7B4C /* Assets.xcassets in Resources */ = {isa = PBXBuildFile; fileRef = 295B80A12AF29EA9006B7B4C /* Assets.xcassets */; };
		295B80A52AF29EA9006B7B4C /* Preview Assets.xcassets in Resources */ = {isa = PBXBuildFile; fileRef = 295B80A42AF29EA9006B7B4C /* Preview Assets.xcassets */; };
		295B80AF2AF29EA9006B7B4C /* AppStateExampleTests.swift in Sources */ = {isa = PBXBuildFile; fileRef = 295B80AE2AF29EA9006B7B4C /* AppStateExampleTests.swift */; };
		295B80C92AF29EC3006B7B4C /* AppState in Frameworks */ = {isa = PBXBuildFile; productRef = 295B80C82AF29EC3006B7B4C /* AppState */; };
		295B80CB2AF2A112006B7B4C /* BasicAppState.swift in Sources */ = {isa = PBXBuildFile; fileRef = 295B80CA2AF2A112006B7B4C /* BasicAppState.swift */; };
		29B0326C2AF2E3200077D85C /* BasicAppDependency.swift in Sources */ = {isa = PBXBuildFile; fileRef = 29B0326B2AF2E3200077D85C /* BasicAppDependency.swift */; };
		29D22EE52AF53C87000A275A /* Example.swift in Sources */ = {isa = PBXBuildFile; fileRef = 29D22EE42AF53C87000A275A /* Example.swift */; };
		29D22EE72AF544C4000A275A /* BasicViewModelAppState.swift in Sources */ = {isa = PBXBuildFile; fileRef = 29D22EE62AF544C4000A275A /* BasicViewModelAppState.swift */; };
		29D22EE92AF544E0000A275A /* BasicAppState+State.swift in Sources */ = {isa = PBXBuildFile; fileRef = 29D22EE82AF544E0000A275A /* BasicAppState+State.swift */; };
		29D22EEC2AF5496F000A275A /* AdvancedAppDependency.swift in Sources */ = {isa = PBXBuildFile; fileRef = 29D22EEB2AF5496F000A275A /* AdvancedAppDependency.swift */; };
		29D22EF12AF54D91000A275A /* AppStateDependency.swift in Sources */ = {isa = PBXBuildFile; fileRef = 29D22EF02AF54D91000A275A /* AppStateDependency.swift */; };
		29D22EF42AF5502B000A275A /* CurrentApplicationState.swift in Sources */ = {isa = PBXBuildFile; fileRef = 29D22EF32AF5502B000A275A /* CurrentApplicationState.swift */; };
		29D22EF62AF569A3000A275A /* ApplicationState.swift in Sources */ = {isa = PBXBuildFile; fileRef = 29D22EF52AF569A3000A275A /* ApplicationState.swift */; };
		29D22EF82AF56D26000A275A /* AppState.swift in Sources */ = {isa = PBXBuildFile; fileRef = 29D22EF72AF56D26000A275A /* AppState.swift */; };
		29D22EFB2AF578AC000A275A /* AppState in Frameworks */ = {isa = PBXBuildFile; productRef = 29D22EFA2AF578AC000A275A /* AppState */; };
/* End PBXBuildFile section */

/* Begin PBXContainerItemProxy section */
		295B80AB2AF29EA9006B7B4C /* PBXContainerItemProxy */ = {
			isa = PBXContainerItemProxy;
			containerPortal = 295B80922AF29EA8006B7B4C /* Project object */;
			proxyType = 1;
			remoteGlobalIDString = 295B80992AF29EA8006B7B4C;
			remoteInfo = AppStateExample;
		};
/* End PBXContainerItemProxy section */

/* Begin PBXFileReference section */
		295B809A2AF29EA8006B7B4C /* AppStateExample.app */ = {isa = PBXFileReference; explicitFileType = wrapper.application; includeInIndex = 0; path = AppStateExample.app; sourceTree = BUILT_PRODUCTS_DIR; };
		295B809D2AF29EA8006B7B4C /* AppStateExampleApp.swift */ = {isa = PBXFileReference; lastKnownFileType = sourcecode.swift; path = AppStateExampleApp.swift; sourceTree = "<group>"; };
		295B80A12AF29EA9006B7B4C /* Assets.xcassets */ = {isa = PBXFileReference; lastKnownFileType = folder.assetcatalog; path = Assets.xcassets; sourceTree = "<group>"; };
		295B80A42AF29EA9006B7B4C /* Preview Assets.xcassets */ = {isa = PBXFileReference; lastKnownFileType = folder.assetcatalog; path = "Preview Assets.xcassets"; sourceTree = "<group>"; };
		295B80AA2AF29EA9006B7B4C /* AppStateExampleTests.xctest */ = {isa = PBXFileReference; explicitFileType = wrapper.cfbundle; includeInIndex = 0; path = AppStateExampleTests.xctest; sourceTree = BUILT_PRODUCTS_DIR; };
		295B80AE2AF29EA9006B7B4C /* AppStateExampleTests.swift */ = {isa = PBXFileReference; lastKnownFileType = sourcecode.swift; path = AppStateExampleTests.swift; sourceTree = "<group>"; };
		295B80CA2AF2A112006B7B4C /* BasicAppState.swift */ = {isa = PBXFileReference; lastKnownFileType = sourcecode.swift; path = BasicAppState.swift; sourceTree = "<group>"; };
		29B0326B2AF2E3200077D85C /* BasicAppDependency.swift */ = {isa = PBXFileReference; lastKnownFileType = sourcecode.swift; path = BasicAppDependency.swift; sourceTree = "<group>"; };
		29D22EE42AF53C87000A275A /* Example.swift */ = {isa = PBXFileReference; lastKnownFileType = sourcecode.swift; path = Example.swift; sourceTree = "<group>"; };
		29D22EE62AF544C4000A275A /* BasicViewModelAppState.swift */ = {isa = PBXFileReference; lastKnownFileType = sourcecode.swift; path = BasicViewModelAppState.swift; sourceTree = "<group>"; };
		29D22EE82AF544E0000A275A /* BasicAppState+State.swift */ = {isa = PBXFileReference; lastKnownFileType = sourcecode.swift; path = "BasicAppState+State.swift"; sourceTree = "<group>"; };
		29D22EEB2AF5496F000A275A /* AdvancedAppDependency.swift */ = {isa = PBXFileReference; lastKnownFileType = sourcecode.swift; path = AdvancedAppDependency.swift; sourceTree = "<group>"; };
		29D22EF02AF54D91000A275A /* AppStateDependency.swift */ = {isa = PBXFileReference; lastKnownFileType = sourcecode.swift; path = AppStateDependency.swift; sourceTree = "<group>"; };
		29D22EF32AF5502B000A275A /* CurrentApplicationState.swift */ = {isa = PBXFileReference; lastKnownFileType = sourcecode.swift; path = CurrentApplicationState.swift; sourceTree = "<group>"; };
		29D22EF52AF569A3000A275A /* ApplicationState.swift */ = {isa = PBXFileReference; lastKnownFileType = sourcecode.swift; path = ApplicationState.swift; sourceTree = "<group>"; };
		29D22EF72AF56D26000A275A /* AppState.swift */ = {isa = PBXFileReference; lastKnownFileType = sourcecode.swift; path = AppState.swift; sourceTree = "<group>"; };
/* End PBXFileReference section */

/* Begin PBXFrameworksBuildPhase section */
		295B80972AF29EA8006B7B4C /* Frameworks */ = {
			isa = PBXFrameworksBuildPhase;
			buildActionMask = 2147483647;
			files = (
				292826252AF5A6B600A3E1C6 /* AppState in Frameworks */,
				29D22EFB2AF578AC000A275A /* AppState in Frameworks */,
				295B80C92AF29EC3006B7B4C /* AppState in Frameworks */,
			);
			runOnlyForDeploymentPostprocessing = 0;
		};
		295B80A72AF29EA9006B7B4C /* Frameworks */ = {
			isa = PBXFrameworksBuildPhase;
			buildActionMask = 2147483647;
			files = (
			);
			runOnlyForDeploymentPostprocessing = 0;
		};
/* End PBXFrameworksBuildPhase section */

/* Begin PBXGroup section */
		295B80912AF29EA8006B7B4C = {
			isa = PBXGroup;
			children = (
				295B809C2AF29EA8006B7B4C /* AppStateExample */,
				295B80AD2AF29EA9006B7B4C /* AppStateExampleTests */,
				295B809B2AF29EA8006B7B4C /* Products */,
			);
			sourceTree = "<group>";
		};
		295B809B2AF29EA8006B7B4C /* Products */ = {
			isa = PBXGroup;
			children = (
				295B809A2AF29EA8006B7B4C /* AppStateExample.app */,
				295B80AA2AF29EA9006B7B4C /* AppStateExampleTests.xctest */,
			);
			name = Products;
			sourceTree = "<group>";
		};
		295B809C2AF29EA8006B7B4C /* AppStateExample */ = {
			isa = PBXGroup;
			children = (
				29D22EF22AF54DD5000A275A /* Helpers */,
				29D22EEF2AF54D73000A275A /* AppState */,
				29D22EEE2AF54D6C000A275A /* Advanced */,
				29D22EED2AF54D66000A275A /* Basic */,
				295B809D2AF29EA8006B7B4C /* AppStateExampleApp.swift */,
				295B80A12AF29EA9006B7B4C /* Assets.xcassets */,
				295B80A32AF29EA9006B7B4C /* Preview Content */,
			);
			path = AppStateExample;
			sourceTree = "<group>";
		};
		295B80A32AF29EA9006B7B4C /* Preview Content */ = {
			isa = PBXGroup;
			children = (
				295B80A42AF29EA9006B7B4C /* Preview Assets.xcassets */,
			);
			path = "Preview Content";
			sourceTree = "<group>";
		};
		295B80AD2AF29EA9006B7B4C /* AppStateExampleTests */ = {
			isa = PBXGroup;
			children = (
				295B80AE2AF29EA9006B7B4C /* AppStateExampleTests.swift */,
			);
			path = AppStateExampleTests;
			sourceTree = "<group>";
		};
		29D22EE22AF53795000A275A /* BasicAppState */ = {
			isa = PBXGroup;
			children = (
				295B80CA2AF2A112006B7B4C /* BasicAppState.swift */,
				29D22EE62AF544C4000A275A /* BasicViewModelAppState.swift */,
				29D22EE82AF544E0000A275A /* BasicAppState+State.swift */,
			);
			path = BasicAppState;
			sourceTree = "<group>";
		};
		29D22EE32AF537B6000A275A /* BasicAppDependency */ = {
			isa = PBXGroup;
			children = (
				29B0326B2AF2E3200077D85C /* BasicAppDependency.swift */,
			);
			path = BasicAppDependency;
			sourceTree = "<group>";
		};
		29D22EEA2AF54950000A275A /* AdvancedAppDependency */ = {
			isa = PBXGroup;
			children = (
				29D22EEB2AF5496F000A275A /* AdvancedAppDependency.swift */,
			);
			path = AdvancedAppDependency;
			sourceTree = "<group>";
		};
		29D22EED2AF54D66000A275A /* Basic */ = {
			isa = PBXGroup;
			children = (
				29D22EE32AF537B6000A275A /* BasicAppDependency */,
				29D22EE22AF53795000A275A /* BasicAppState */,
			);
			path = Basic;
			sourceTree = "<group>";
		};
		29D22EEE2AF54D6C000A275A /* Advanced */ = {
			isa = PBXGroup;
			children = (
				29D22EEA2AF54950000A275A /* AdvancedAppDependency */,
			);
			path = Advanced;
			sourceTree = "<group>";
		};
		29D22EEF2AF54D73000A275A /* AppState */ = {
			isa = PBXGroup;
			children = (
				29D22EF02AF54D91000A275A /* AppStateDependency.swift */,
				29D22EF32AF5502B000A275A /* CurrentApplicationState.swift */,
				29D22EF52AF569A3000A275A /* ApplicationState.swift */,
				29D22EF72AF56D26000A275A /* AppState.swift */,
			);
			path = AppState;
			sourceTree = "<group>";
		};
		29D22EF22AF54DD5000A275A /* Helpers */ = {
			isa = PBXGroup;
			children = (
				29D22EE42AF53C87000A275A /* Example.swift */,
			);
			path = Helpers;
			sourceTree = "<group>";
		};
/* End PBXGroup section */

/* Begin PBXNativeTarget section */
		295B80992AF29EA8006B7B4C /* AppStateExample */ = {
			isa = PBXNativeTarget;
			buildConfigurationList = 295B80BE2AF29EA9006B7B4C /* Build configuration list for PBXNativeTarget "AppStateExample" */;
			buildPhases = (
				295B80962AF29EA8006B7B4C /* Sources */,
				295B80972AF29EA8006B7B4C /* Frameworks */,
				295B80982AF29EA8006B7B4C /* Resources */,
			);
			buildRules = (
			);
			dependencies = (
			);
			name = AppStateExample;
			packageProductDependencies = (
				295B80C82AF29EC3006B7B4C /* AppState */,
				29D22EFA2AF578AC000A275A /* AppState */,
				292826242AF5A6B600A3E1C6 /* AppState */,
			);
			productName = AppStateExample;
			productReference = 295B809A2AF29EA8006B7B4C /* AppStateExample.app */;
			productType = "com.apple.product-type.application";
		};
		295B80A92AF29EA9006B7B4C /* AppStateExampleTests */ = {
			isa = PBXNativeTarget;
			buildConfigurationList = 295B80C12AF29EA9006B7B4C /* Build configuration list for PBXNativeTarget "AppStateExampleTests" */;
			buildPhases = (
				295B80A62AF29EA9006B7B4C /* Sources */,
				295B80A72AF29EA9006B7B4C /* Frameworks */,
				295B80A82AF29EA9006B7B4C /* Resources */,
			);
			buildRules = (
			);
			dependencies = (
				295B80AC2AF29EA9006B7B4C /* PBXTargetDependency */,
			);
			name = AppStateExampleTests;
			productName = AppStateExampleTests;
			productReference = 295B80AA2AF29EA9006B7B4C /* AppStateExampleTests.xctest */;
			productType = "com.apple.product-type.bundle.unit-test";
		};
/* End PBXNativeTarget section */

/* Begin PBXProject section */
		295B80922AF29EA8006B7B4C /* Project object */ = {
			isa = PBXProject;
			attributes = {
				BuildIndependentTargetsInParallel = 1;
				LastSwiftUpdateCheck = 1500;
				LastUpgradeCheck = 1500;
				TargetAttributes = {
					295B80992AF29EA8006B7B4C = {
						CreatedOnToolsVersion = 15.0.1;
					};
					295B80A92AF29EA9006B7B4C = {
						CreatedOnToolsVersion = 15.0.1;
						TestTargetID = 295B80992AF29EA8006B7B4C;
					};
				};
			};
			buildConfigurationList = 295B80952AF29EA8006B7B4C /* Build configuration list for PBXProject "AppStateExample" */;
			compatibilityVersion = "Xcode 14.0";
			developmentRegion = en;
			hasScannedForEncodings = 0;
			knownRegions = (
				en,
				Base,
			);
			mainGroup = 295B80912AF29EA8006B7B4C;
			packageReferences = (
				292826232AF5A6B600A3E1C6 /* XCRemoteSwiftPackageReference "AppState" */,
			);
			productRefGroup = 295B809B2AF29EA8006B7B4C /* Products */;
			projectDirPath = "";
			projectRoot = "";
			targets = (
				295B80992AF29EA8006B7B4C /* AppStateExample */,
				295B80A92AF29EA9006B7B4C /* AppStateExampleTests */,
			);
		};
/* End PBXProject section */

/* Begin PBXResourcesBuildPhase section */
		295B80982AF29EA8006B7B4C /* Resources */ = {
			isa = PBXResourcesBuildPhase;
			buildActionMask = 2147483647;
			files = (
				295B80A52AF29EA9006B7B4C /* Preview Assets.xcassets in Resources */,
				295B80A22AF29EA9006B7B4C /* Assets.xcassets in Resources */,
			);
			runOnlyForDeploymentPostprocessing = 0;
		};
		295B80A82AF29EA9006B7B4C /* Resources */ = {
			isa = PBXResourcesBuildPhase;
			buildActionMask = 2147483647;
			files = (
			);
			runOnlyForDeploymentPostprocessing = 0;
		};
/* End PBXResourcesBuildPhase section */

/* Begin PBXSourcesBuildPhase section */
		295B80962AF29EA8006B7B4C /* Sources */ = {
			isa = PBXSourcesBuildPhase;
			buildActionMask = 2147483647;
			files = (
				29D22EE92AF544E0000A275A /* BasicAppState+State.swift in Sources */,
				29D22EF62AF569A3000A275A /* ApplicationState.swift in Sources */,
				29D22EE72AF544C4000A275A /* BasicViewModelAppState.swift in Sources */,
				29D22EE52AF53C87000A275A /* Example.swift in Sources */,
				29D22EEC2AF5496F000A275A /* AdvancedAppDependency.swift in Sources */,
				29D22EF12AF54D91000A275A /* AppStateDependency.swift in Sources */,
				29D22EF82AF56D26000A275A /* AppState.swift in Sources */,
				29D22EF42AF5502B000A275A /* CurrentApplicationState.swift in Sources */,
				29B0326C2AF2E3200077D85C /* BasicAppDependency.swift in Sources */,
				295B80CB2AF2A112006B7B4C /* BasicAppState.swift in Sources */,
				295B809E2AF29EA8006B7B4C /* AppStateExampleApp.swift in Sources */,
			);
			runOnlyForDeploymentPostprocessing = 0;
		};
		295B80A62AF29EA9006B7B4C /* Sources */ = {
			isa = PBXSourcesBuildPhase;
			buildActionMask = 2147483647;
			files = (
				295B80AF2AF29EA9006B7B4C /* AppStateExampleTests.swift in Sources */,
			);
			runOnlyForDeploymentPostprocessing = 0;
		};
/* End PBXSourcesBuildPhase section */

/* Begin PBXTargetDependency section */
		295B80AC2AF29EA9006B7B4C /* PBXTargetDependency */ = {
			isa = PBXTargetDependency;
			target = 295B80992AF29EA8006B7B4C /* AppStateExample */;
			targetProxy = 295B80AB2AF29EA9006B7B4C /* PBXContainerItemProxy */;
		};
/* End PBXTargetDependency section */

/* Begin XCBuildConfiguration section */
		295B80BC2AF29EA9006B7B4C /* Debug */ = {
			isa = XCBuildConfiguration;
			buildSettings = {
				ALWAYS_SEARCH_USER_PATHS = NO;
				ASSETCATALOG_COMPILER_GENERATE_SWIFT_ASSET_SYMBOL_EXTENSIONS = YES;
				CLANG_ANALYZER_NONNULL = YES;
				CLANG_ANALYZER_NUMBER_OBJECT_CONVERSION = YES_AGGRESSIVE;
				CLANG_CXX_LANGUAGE_STANDARD = "gnu++20";
				CLANG_ENABLE_MODULES = YES;
				CLANG_ENABLE_OBJC_ARC = YES;
				CLANG_ENABLE_OBJC_WEAK = YES;
				CLANG_WARN_BLOCK_CAPTURE_AUTORELEASING = YES;
				CLANG_WARN_BOOL_CONVERSION = YES;
				CLANG_WARN_COMMA = YES;
				CLANG_WARN_CONSTANT_CONVERSION = YES;
				CLANG_WARN_DEPRECATED_OBJC_IMPLEMENTATIONS = YES;
				CLANG_WARN_DIRECT_OBJC_ISA_USAGE = YES_ERROR;
				CLANG_WARN_DOCUMENTATION_COMMENTS = YES;
				CLANG_WARN_EMPTY_BODY = YES;
				CLANG_WARN_ENUM_CONVERSION = YES;
				CLANG_WARN_INFINITE_RECURSION = YES;
				CLANG_WARN_INT_CONVERSION = YES;
				CLANG_WARN_NON_LITERAL_NULL_CONVERSION = YES;
				CLANG_WARN_OBJC_IMPLICIT_RETAIN_SELF = YES;
				CLANG_WARN_OBJC_LITERAL_CONVERSION = YES;
				CLANG_WARN_OBJC_ROOT_CLASS = YES_ERROR;
				CLANG_WARN_QUOTED_INCLUDE_IN_FRAMEWORK_HEADER = YES;
				CLANG_WARN_RANGE_LOOP_ANALYSIS = YES;
				CLANG_WARN_STRICT_PROTOTYPES = YES;
				CLANG_WARN_SUSPICIOUS_MOVE = YES;
				CLANG_WARN_UNGUARDED_AVAILABILITY = YES_AGGRESSIVE;
				CLANG_WARN_UNREACHABLE_CODE = YES;
				CLANG_WARN__DUPLICATE_METHOD_MATCH = YES;
				COPY_PHASE_STRIP = NO;
				DEBUG_INFORMATION_FORMAT = dwarf;
				ENABLE_STRICT_OBJC_MSGSEND = YES;
				ENABLE_TESTABILITY = YES;
				ENABLE_USER_SCRIPT_SANDBOXING = YES;
				GCC_C_LANGUAGE_STANDARD = gnu17;
				GCC_DYNAMIC_NO_PIC = NO;
				GCC_NO_COMMON_BLOCKS = YES;
				GCC_OPTIMIZATION_LEVEL = 0;
				GCC_PREPROCESSOR_DEFINITIONS = (
					"DEBUG=1",
					"$(inherited)",
				);
				GCC_WARN_64_TO_32_BIT_CONVERSION = YES;
				GCC_WARN_ABOUT_RETURN_TYPE = YES_ERROR;
				GCC_WARN_UNDECLARED_SELECTOR = YES;
				GCC_WARN_UNINITIALIZED_AUTOS = YES_AGGRESSIVE;
				GCC_WARN_UNUSED_FUNCTION = YES;
				GCC_WARN_UNUSED_VARIABLE = YES;
				IPHONEOS_DEPLOYMENT_TARGET = 17.0;
				LOCALIZATION_PREFERS_STRING_CATALOGS = YES;
				MTL_ENABLE_DEBUG_INFO = INCLUDE_SOURCE;
				MTL_FAST_MATH = YES;
				ONLY_ACTIVE_ARCH = YES;
				SDKROOT = iphoneos;
				SWIFT_ACTIVE_COMPILATION_CONDITIONS = "DEBUG $(inherited)";
				SWIFT_OPTIMIZATION_LEVEL = "-Onone";
			};
			name = Debug;
		};
		295B80BD2AF29EA9006B7B4C /* Release */ = {
			isa = XCBuildConfiguration;
			buildSettings = {
				ALWAYS_SEARCH_USER_PATHS = NO;
				ASSETCATALOG_COMPILER_GENERATE_SWIFT_ASSET_SYMBOL_EXTENSIONS = YES;
				CLANG_ANALYZER_NONNULL = YES;
				CLANG_ANALYZER_NUMBER_OBJECT_CONVERSION = YES_AGGRESSIVE;
				CLANG_CXX_LANGUAGE_STANDARD = "gnu++20";
				CLANG_ENABLE_MODULES = YES;
				CLANG_ENABLE_OBJC_ARC = YES;
				CLANG_ENABLE_OBJC_WEAK = YES;
				CLANG_WARN_BLOCK_CAPTURE_AUTORELEASING = YES;
				CLANG_WARN_BOOL_CONVERSION = YES;
				CLANG_WARN_COMMA = YES;
				CLANG_WARN_CONSTANT_CONVERSION = YES;
				CLANG_WARN_DEPRECATED_OBJC_IMPLEMENTATIONS = YES;
				CLANG_WARN_DIRECT_OBJC_ISA_USAGE = YES_ERROR;
				CLANG_WARN_DOCUMENTATION_COMMENTS = YES;
				CLANG_WARN_EMPTY_BODY = YES;
				CLANG_WARN_ENUM_CONVERSION = YES;
				CLANG_WARN_INFINITE_RECURSION = YES;
				CLANG_WARN_INT_CONVERSION = YES;
				CLANG_WARN_NON_LITERAL_NULL_CONVERSION = YES;
				CLANG_WARN_OBJC_IMPLICIT_RETAIN_SELF = YES;
				CLANG_WARN_OBJC_LITERAL_CONVERSION = YES;
				CLANG_WARN_OBJC_ROOT_CLASS = YES_ERROR;
				CLANG_WARN_QUOTED_INCLUDE_IN_FRAMEWORK_HEADER = YES;
				CLANG_WARN_RANGE_LOOP_ANALYSIS = YES;
				CLANG_WARN_STRICT_PROTOTYPES = YES;
				CLANG_WARN_SUSPICIOUS_MOVE = YES;
				CLANG_WARN_UNGUARDED_AVAILABILITY = YES_AGGRESSIVE;
				CLANG_WARN_UNREACHABLE_CODE = YES;
				CLANG_WARN__DUPLICATE_METHOD_MATCH = YES;
				COPY_PHASE_STRIP = NO;
				DEBUG_INFORMATION_FORMAT = "dwarf-with-dsym";
				ENABLE_NS_ASSERTIONS = NO;
				ENABLE_STRICT_OBJC_MSGSEND = YES;
				ENABLE_USER_SCRIPT_SANDBOXING = YES;
				GCC_C_LANGUAGE_STANDARD = gnu17;
				GCC_NO_COMMON_BLOCKS = YES;
				GCC_WARN_64_TO_32_BIT_CONVERSION = YES;
				GCC_WARN_ABOUT_RETURN_TYPE = YES_ERROR;
				GCC_WARN_UNDECLARED_SELECTOR = YES;
				GCC_WARN_UNINITIALIZED_AUTOS = YES_AGGRESSIVE;
				GCC_WARN_UNUSED_FUNCTION = YES;
				GCC_WARN_UNUSED_VARIABLE = YES;
				IPHONEOS_DEPLOYMENT_TARGET = 17.0;
				LOCALIZATION_PREFERS_STRING_CATALOGS = YES;
				MTL_ENABLE_DEBUG_INFO = NO;
				MTL_FAST_MATH = YES;
				SDKROOT = iphoneos;
				SWIFT_COMPILATION_MODE = wholemodule;
				VALIDATE_PRODUCT = YES;
			};
			name = Release;
		};
		295B80BF2AF29EA9006B7B4C /* Debug */ = {
			isa = XCBuildConfiguration;
			buildSettings = {
				ASSETCATALOG_COMPILER_APPICON_NAME = AppIcon;
				ASSETCATALOG_COMPILER_GLOBAL_ACCENT_COLOR_NAME = AccentColor;
				CODE_SIGN_STYLE = Automatic;
				CURRENT_PROJECT_VERSION = 1;
				DEVELOPMENT_ASSET_PATHS = "\"AppStateExample/Preview Content\"";
				ENABLE_PREVIEWS = YES;
				GENERATE_INFOPLIST_FILE = YES;
				INFOPLIST_KEY_UIApplicationSceneManifest_Generation = YES;
				INFOPLIST_KEY_UIApplicationSupportsIndirectInputEvents = YES;
				INFOPLIST_KEY_UILaunchScreen_Generation = YES;
				INFOPLIST_KEY_UISupportedInterfaceOrientations_iPad = "UIInterfaceOrientationPortrait UIInterfaceOrientationPortraitUpsideDown UIInterfaceOrientationLandscapeLeft UIInterfaceOrientationLandscapeRight";
				INFOPLIST_KEY_UISupportedInterfaceOrientations_iPhone = "UIInterfaceOrientationPortrait UIInterfaceOrientationLandscapeLeft UIInterfaceOrientationLandscapeRight";
				LD_RUNPATH_SEARCH_PATHS = (
					"$(inherited)",
					"@executable_path/Frameworks",
				);
				MARKETING_VERSION = 1.0;
				PRODUCT_BUNDLE_IDENTIFIER = oxl.AppStateExample;
				PRODUCT_NAME = "$(TARGET_NAME)";
				SWIFT_EMIT_LOC_STRINGS = YES;
				SWIFT_VERSION = 5.0;
				TARGETED_DEVICE_FAMILY = "1,2";
			};
			name = Debug;
		};
		295B80C02AF29EA9006B7B4C /* Release */ = {
			isa = XCBuildConfiguration;
			buildSettings = {
				ASSETCATALOG_COMPILER_APPICON_NAME = AppIcon;
				ASSETCATALOG_COMPILER_GLOBAL_ACCENT_COLOR_NAME = AccentColor;
				CODE_SIGN_STYLE = Automatic;
				CURRENT_PROJECT_VERSION = 1;
				DEVELOPMENT_ASSET_PATHS = "\"AppStateExample/Preview Content\"";
				ENABLE_PREVIEWS = YES;
				GENERATE_INFOPLIST_FILE = YES;
				INFOPLIST_KEY_UIApplicationSceneManifest_Generation = YES;
				INFOPLIST_KEY_UIApplicationSupportsIndirectInputEvents = YES;
				INFOPLIST_KEY_UILaunchScreen_Generation = YES;
				INFOPLIST_KEY_UISupportedInterfaceOrientations_iPad = "UIInterfaceOrientationPortrait UIInterfaceOrientationPortraitUpsideDown UIInterfaceOrientationLandscapeLeft UIInterfaceOrientationLandscapeRight";
				INFOPLIST_KEY_UISupportedInterfaceOrientations_iPhone = "UIInterfaceOrientationPortrait UIInterfaceOrientationLandscapeLeft UIInterfaceOrientationLandscapeRight";
				LD_RUNPATH_SEARCH_PATHS = (
					"$(inherited)",
					"@executable_path/Frameworks",
				);
				MARKETING_VERSION = 1.0;
				PRODUCT_BUNDLE_IDENTIFIER = oxl.AppStateExample;
				PRODUCT_NAME = "$(TARGET_NAME)";
				SWIFT_EMIT_LOC_STRINGS = YES;
				SWIFT_VERSION = 5.0;
				TARGETED_DEVICE_FAMILY = "1,2";
			};
			name = Release;
		};
		295B80C22AF29EA9006B7B4C /* Debug */ = {
			isa = XCBuildConfiguration;
			buildSettings = {
				ALWAYS_EMBED_SWIFT_STANDARD_LIBRARIES = YES;
				BUNDLE_LOADER = "$(TEST_HOST)";
				CODE_SIGN_STYLE = Automatic;
				CURRENT_PROJECT_VERSION = 1;
				GENERATE_INFOPLIST_FILE = YES;
				IPHONEOS_DEPLOYMENT_TARGET = 17.0;
				MARKETING_VERSION = 1.0;
				PRODUCT_BUNDLE_IDENTIFIER = oxl.AppStateExampleTests;
				PRODUCT_NAME = "$(TARGET_NAME)";
				SWIFT_EMIT_LOC_STRINGS = NO;
				SWIFT_VERSION = 5.0;
				TARGETED_DEVICE_FAMILY = "1,2";
				TEST_HOST = "$(BUILT_PRODUCTS_DIR)/AppStateExample.app/$(BUNDLE_EXECUTABLE_FOLDER_PATH)/AppStateExample";
			};
			name = Debug;
		};
		295B80C32AF29EA9006B7B4C /* Release */ = {
			isa = XCBuildConfiguration;
			buildSettings = {
				ALWAYS_EMBED_SWIFT_STANDARD_LIBRARIES = YES;
				BUNDLE_LOADER = "$(TEST_HOST)";
				CODE_SIGN_STYLE = Automatic;
				CURRENT_PROJECT_VERSION = 1;
				GENERATE_INFOPLIST_FILE = YES;
				IPHONEOS_DEPLOYMENT_TARGET = 17.0;
				MARKETING_VERSION = 1.0;
				PRODUCT_BUNDLE_IDENTIFIER = oxl.AppStateExampleTests;
				PRODUCT_NAME = "$(TARGET_NAME)";
				SWIFT_EMIT_LOC_STRINGS = NO;
				SWIFT_VERSION = 5.0;
				TARGETED_DEVICE_FAMILY = "1,2";
				TEST_HOST = "$(BUILT_PRODUCTS_DIR)/AppStateExample.app/$(BUNDLE_EXECUTABLE_FOLDER_PATH)/AppStateExample";
			};
			name = Release;
		};
/* End XCBuildConfiguration section */

/* Begin XCConfigurationList section */
		295B80952AF29EA8006B7B4C /* Build configuration list for PBXProject "AppStateExample" */ = {
			isa = XCConfigurationList;
			buildConfigurations = (
				295B80BC2AF29EA9006B7B4C /* Debug */,
				295B80BD2AF29EA9006B7B4C /* Release */,
			);
			defaultConfigurationIsVisible = 0;
			defaultConfigurationName = Release;
		};
		295B80BE2AF29EA9006B7B4C /* Build configuration list for PBXNativeTarget "AppStateExample" */ = {
			isa = XCConfigurationList;
			buildConfigurations = (
				295B80BF2AF29EA9006B7B4C /* Debug */,
				295B80C02AF29EA9006B7B4C /* Release */,
			);
			defaultConfigurationIsVisible = 0;
			defaultConfigurationName = Release;
		};
		295B80C12AF29EA9006B7B4C /* Build configuration list for PBXNativeTarget "AppStateExampleTests" */ = {
			isa = XCConfigurationList;
			buildConfigurations = (
				295B80C22AF29EA9006B7B4C /* Debug */,
				295B80C32AF29EA9006B7B4C /* Release */,
			);
			defaultConfigurationIsVisible = 0;
			defaultConfigurationName = Release;
		};
/* End XCConfigurationList section */

/* Begin XCRemoteSwiftPackageReference section */
		292826232AF5A6B600A3E1C6 /* XCRemoteSwiftPackageReference "AppState" */ = {
			isa = XCRemoteSwiftPackageReference;
			repositoryURL = "https://github.com/0xLeif/AppState/";
			requirement = {
				kind = upToNextMajorVersion;
				minimumVersion = 0.2.0;
			};
		};
/* End XCRemoteSwiftPackageReference section */

/* Begin XCSwiftPackageProductDependency section */
		292826242AF5A6B600A3E1C6 /* AppState */ = {
			isa = XCSwiftPackageProductDependency;
			package = 292826232AF5A6B600A3E1C6 /* XCRemoteSwiftPackageReference "AppState" */;
			productName = AppState;
		};
		295B80C82AF29EC3006B7B4C /* AppState */ = {
			isa = XCSwiftPackageProductDependency;
			productName = AppState;
		};
		29D22EFA2AF578AC000A275A /* AppState */ = {
			isa = XCSwiftPackageProductDependency;
			productName = AppState;
		};
/* End XCSwiftPackageProductDependency section */
	};
	rootObject = 295B80922AF29EA8006B7B4C /* Project object */;
}
